
Microsoft Visual Studio Solution File, Format Version 12.00
# Visual Studio Version 17
VisualStudioVersion = 17.9.34701.34
MinimumVisualStudioVersion = 10.0.40219.1
Project("{888888A0-9F3D-457C-B088-3A5042F75D52}") = "DataPipeline", "DataPipeline.pyproj", "{27C0A6C5-CDD6-4976-8452-C3F75C583B89}"
EndProject
Global
	GlobalSection(SolutionConfigurationPlatforms) = preSolution
		Debug|Any CPU = Debug|Any CPU
		Release|Any CPU = Release|Any CPU
	EndGlobalSection
	GlobalSection(ProjectConfigurationPlatforms) = postSolution
		{27C0A6C5-CDD6-4976-8452-C3F75C583B89}.Debug|Any CPU.ActiveCfg = Debug|Any CPU
		{27C0A6C5-CDD6-4976-8452-C3F75C583B89}.Release|Any CPU.ActiveCfg = Release|Any CPU
	EndGlobalSection
	GlobalSection(SolutionProperties) = preSolution
		HideSolutionNode = FALSE
	EndGlobalSection
	GlobalSection(ExtensibilityGlobals) = postSolution
		SolutionGuid = {7F5D3896-E123-4227-9941-872E20E99658}
	EndGlobalSection
EndGlobal
